
Microsoft Visual Studio Solution File, Format Version 12.00
Project("{2150E333-8FDC-42A3-9474-1A3956D46DE8}") = "Domain", "Domain", "{49EDCC45-CE96-442B-8BB7-B07663E896B4}"
EndProject
Project("{2150E333-8FDC-42A3-9474-1A3956D46DE8}") = "Infra.Bus", "Infra.Bus", "{95DF0379-2176-4F01-9C37-D57ACD870FEC}"
EndProject
Project("{2150E333-8FDC-42A3-9474-1A3956D46DE8}") = "Infra.IoC", "Infra.IoC", "{2D269D27-5EE5-49D7-91E1-24646DF1C2B9}"
EndProject
Project("{2150E333-8FDC-42A3-9474-1A3956D46DE8}") = "Microservices", "Microservices", "{8EEE2EC5-65E9-429C-9B9E-72CE359C93AD}"
EndProject
Project("{2150E333-8FDC-42A3-9474-1A3956D46DE8}") = "Presentation", "Presentation", "{FFF0E203-B2C7-43BE-8AD9-3840114C22B8}"
EndProject
Project("{FAE04EC0-301F-11D3-BF4B-00C04F79EFBC}") = "MicroRabbit.Domain.Core", "MicroRabbit.Domain.Core\MicroRabbit.Domain.Core.csproj", "{B7B4E813-4281-479E-B3E7-152AE2A847F5}"
EndProject
Project("{FAE04EC0-301F-11D3-BF4B-00C04F79EFBC}") = "MicroRabbit.Infra.Bus", "MicroRabbit.Infra.Bus\MicroRabbit.Infra.Bus.csproj", "{06B29259-3F45-4336-9F92-3E9447A6341F}"
EndProject
Project("{FAE04EC0-301F-11D3-BF4B-00C04F79EFBC}") = "MicroRabbit.Infra.IoC", "MicroRabbit.Infra.IoC\MicroRabbit.Infra.IoC.csproj", "{1A80FC26-D35F-4B81-9498-5B8634F80F0E}"
EndProject
Project("{2150E333-8FDC-42A3-9474-1A3956D46DE8}") = "Banking", "Banking", "{0AE8860C-0888-4E3B-AEE1-CE689CC97B87}"
EndProject
Project("{2150E333-8FDC-42A3-9474-1A3956D46DE8}") = "API", "API", "{668EF41B-88FF-4E36-AAC6-E59F5305BFD2}"
EndProject
Project("{2150E333-8FDC-42A3-9474-1A3956D46DE8}") = "Application", "Application", "{B7FB9BF9-D2FC-4FF5-A87C-22741900AC28}"
EndProject
Project("{2150E333-8FDC-42A3-9474-1A3956D46DE8}") = "Data", "Data", "{EE6D53CE-7B98-4E70-9636-A5E16A174B0D}"
EndProject
Project("{2150E333-8FDC-42A3-9474-1A3956D46DE8}") = "Domain", "Domain", "{A1CA668C-A487-431C-9BD3-161A232776E4}"
EndProject
Project("{FAE04EC0-301F-11D3-BF4B-00C04F79EFBC}") = "MicroRabbit.Banking.API", "MicroRabbit.Banking.API\MicroRabbit.Banking.API.csproj", "{991746DF-36C4-4D6F-982A-8D4ECEEB8298}"
EndProject
Project("{FAE04EC0-301F-11D3-BF4B-00C04F79EFBC}") = "MicroRabbit.Banking.Application", "MicroRabbit.Banking.Application\MicroRabbit.Banking.Application.csproj", "{519A921F-DE6B-44E0-B732-1D8DE6B8EFCE}"
EndProject
Project("{FAE04EC0-301F-11D3-BF4B-00C04F79EFBC}") = "MicroRabbit.Banking.Data", "MicroRabbit.Banking.Data\MicroRabbit.Banking.Data.csproj", "{070A3436-9C46-4C3E-BD36-865A2FD7C1E6}"
EndProject
Project("{FAE04EC0-301F-11D3-BF4B-00C04F79EFBC}") = "MicroRabbit.Banking.Domain", "MicroRabbit.Banking.Domain\MicroRabbit.Banking.Domain.csproj", "{4DB5926B-4467-47C2-A3B7-4BBE0A448EEE}"
EndProject
Project("{2150E333-8FDC-42A3-9474-1A3956D46DE8}") = "Transfer", "Transfer", "{BAECA487-36DF-47FE-9256-500D3A14ADEA}"
EndProject
Project("{2150E333-8FDC-42A3-9474-1A3956D46DE8}") = "API", "API", "{A771F6BC-4015-4A3E-B1F2-E1733B3B4ACA}"
EndProject
Project("{2150E333-8FDC-42A3-9474-1A3956D46DE8}") = "Application", "Application", "{4C3B0407-E988-49EF-B9E7-9FC8CCB2E73E}"
EndProject
Project("{2150E333-8FDC-42A3-9474-1A3956D46DE8}") = "Data", "Data", "{E9FF92D1-E68B-4FC8-B852-F5D66D7A7146}"
EndProject
Project("{2150E333-8FDC-42A3-9474-1A3956D46DE8}") = "Domain", "Domain", "{865A53E7-0112-462C-83DC-430814802C6E}"
EndProject
Project("{FAE04EC0-301F-11D3-BF4B-00C04F79EFBC}") = "MicroRabbit.Transfer.API", "MicroRabbit.Transfer.API\MicroRabbit.Transfer.API.csproj", "{6E4180CD-961E-41B4-84EA-BF78FD15C27F}"
EndProject
Project("{FAE04EC0-301F-11D3-BF4B-00C04F79EFBC}") = "MicroRabbit.Transfer.Application", "MicroRabbit.Transfer.Application\MicroRabbit.Transfer.Application.csproj", "{E7C20A20-1DF2-4F51-9A5B-C3B00FE07AC6}"
EndProject
Project("{FAE04EC0-301F-11D3-BF4B-00C04F79EFBC}") = "MicroRabbit.Transfer.Data", "MicroRabbit.Transfer.Data\MicroRabbit.Transfer.Data.csproj", "{C9806E54-6CD9-45D2-815E-DD41039C3E96}"
EndProject
Project("{FAE04EC0-301F-11D3-BF4B-00C04F79EFBC}") = "MicroRabbit.Transfer.Domain", "MicroRabbit.Transfer.Domain\MicroRabbit.Transfer.Domain.csproj", "{85C788BC-A714-4585-9B87-C1930EA8F16D}"
EndProject
Global
	GlobalSection(SolutionConfigurationPlatforms) = preSolution
		Debug|Any CPU = Debug|Any CPU
		Release|Any CPU = Release|Any CPU
	EndGlobalSection
	GlobalSection(NestedProjects) = preSolution
		{B7B4E813-4281-479E-B3E7-152AE2A847F5} = {49EDCC45-CE96-442B-8BB7-B07663E896B4}
		{06B29259-3F45-4336-9F92-3E9447A6341F} = {95DF0379-2176-4F01-9C37-D57ACD870FEC}
		{1A80FC26-D35F-4B81-9498-5B8634F80F0E} = {2D269D27-5EE5-49D7-91E1-24646DF1C2B9}
		{0AE8860C-0888-4E3B-AEE1-CE689CC97B87} = {8EEE2EC5-65E9-429C-9B9E-72CE359C93AD}
		{668EF41B-88FF-4E36-AAC6-E59F5305BFD2} = {0AE8860C-0888-4E3B-AEE1-CE689CC97B87}
		{B7FB9BF9-D2FC-4FF5-A87C-22741900AC28} = {0AE8860C-0888-4E3B-AEE1-CE689CC97B87}
		{EE6D53CE-7B98-4E70-9636-A5E16A174B0D} = {0AE8860C-0888-4E3B-AEE1-CE689CC97B87}
		{A1CA668C-A487-431C-9BD3-161A232776E4} = {0AE8860C-0888-4E3B-AEE1-CE689CC97B87}
		{991746DF-36C4-4D6F-982A-8D4ECEEB8298} = {668EF41B-88FF-4E36-AAC6-E59F5305BFD2}
		{519A921F-DE6B-44E0-B732-1D8DE6B8EFCE} = {B7FB9BF9-D2FC-4FF5-A87C-22741900AC28}
		{070A3436-9C46-4C3E-BD36-865A2FD7C1E6} = {EE6D53CE-7B98-4E70-9636-A5E16A174B0D}
		{4DB5926B-4467-47C2-A3B7-4BBE0A448EEE} = {A1CA668C-A487-431C-9BD3-161A232776E4}
		{BAECA487-36DF-47FE-9256-500D3A14ADEA} = {8EEE2EC5-65E9-429C-9B9E-72CE359C93AD}
		{A771F6BC-4015-4A3E-B1F2-E1733B3B4ACA} = {BAECA487-36DF-47FE-9256-500D3A14ADEA}
		{4C3B0407-E988-49EF-B9E7-9FC8CCB2E73E} = {BAECA487-36DF-47FE-9256-500D3A14ADEA}
		{E9FF92D1-E68B-4FC8-B852-F5D66D7A7146} = {BAECA487-36DF-47FE-9256-500D3A14ADEA}
		{865A53E7-0112-462C-83DC-430814802C6E} = {BAECA487-36DF-47FE-9256-500D3A14ADEA}
		{6E4180CD-961E-41B4-84EA-BF78FD15C27F} = {A771F6BC-4015-4A3E-B1F2-E1733B3B4ACA}
		{E7C20A20-1DF2-4F51-9A5B-C3B00FE07AC6} = {4C3B0407-E988-49EF-B9E7-9FC8CCB2E73E}
		{C9806E54-6CD9-45D2-815E-DD41039C3E96} = {E9FF92D1-E68B-4FC8-B852-F5D66D7A7146}
		{85C788BC-A714-4585-9B87-C1930EA8F16D} = {865A53E7-0112-462C-83DC-430814802C6E}
	EndGlobalSection
	GlobalSection(ProjectConfigurationPlatforms) = postSolution
		{B7B4E813-4281-479E-B3E7-152AE2A847F5}.Debug|Any CPU.ActiveCfg = Debug|Any CPU
		{B7B4E813-4281-479E-B3E7-152AE2A847F5}.Debug|Any CPU.Build.0 = Debug|Any CPU
		{B7B4E813-4281-479E-B3E7-152AE2A847F5}.Release|Any CPU.ActiveCfg = Release|Any CPU
		{B7B4E813-4281-479E-B3E7-152AE2A847F5}.Release|Any CPU.Build.0 = Release|Any CPU
		{06B29259-3F45-4336-9F92-3E9447A6341F}.Debug|Any CPU.ActiveCfg = Debug|Any CPU
		{06B29259-3F45-4336-9F92-3E9447A6341F}.Debug|Any CPU.Build.0 = Debug|Any CPU
		{06B29259-3F45-4336-9F92-3E9447A6341F}.Release|Any CPU.ActiveCfg = Release|Any CPU
		{06B29259-3F45-4336-9F92-3E9447A6341F}.Release|Any CPU.Build.0 = Release|Any CPU
		{1A80FC26-D35F-4B81-9498-5B8634F80F0E}.Debug|Any CPU.ActiveCfg = Debug|Any CPU
		{1A80FC26-D35F-4B81-9498-5B8634F80F0E}.Debug|Any CPU.Build.0 = Debug|Any CPU
		{1A80FC26-D35F-4B81-9498-5B8634F80F0E}.Release|Any CPU.ActiveCfg = Release|Any CPU
		{1A80FC26-D35F-4B81-9498-5B8634F80F0E}.Release|Any CPU.Build.0 = Release|Any CPU
		{991746DF-36C4-4D6F-982A-8D4ECEEB8298}.Debug|Any CPU.ActiveCfg = Debug|Any CPU
		{991746DF-36C4-4D6F-982A-8D4ECEEB8298}.Debug|Any CPU.Build.0 = Debug|Any CPU
		{991746DF-36C4-4D6F-982A-8D4ECEEB8298}.Release|Any CPU.ActiveCfg = Release|Any CPU
		{991746DF-36C4-4D6F-982A-8D4ECEEB8298}.Release|Any CPU.Build.0 = Release|Any CPU
		{519A921F-DE6B-44E0-B732-1D8DE6B8EFCE}.Debug|Any CPU.ActiveCfg = Debug|Any CPU
		{519A921F-DE6B-44E0-B732-1D8DE6B8EFCE}.Debug|Any CPU.Build.0 = Debug|Any CPU
		{519A921F-DE6B-44E0-B732-1D8DE6B8EFCE}.Release|Any CPU.ActiveCfg = Release|Any CPU
		{519A921F-DE6B-44E0-B732-1D8DE6B8EFCE}.Release|Any CPU.Build.0 = Release|Any CPU
		{070A3436-9C46-4C3E-BD36-865A2FD7C1E6}.Debug|Any CPU.ActiveCfg = Debug|Any CPU
		{070A3436-9C46-4C3E-BD36-865A2FD7C1E6}.Debug|Any CPU.Build.0 = Debug|Any CPU
		{070A3436-9C46-4C3E-BD36-865A2FD7C1E6}.Release|Any CPU.ActiveCfg = Release|Any CPU
		{070A3436-9C46-4C3E-BD36-865A2FD7C1E6}.Release|Any CPU.Build.0 = Release|Any CPU
		{4DB5926B-4467-47C2-A3B7-4BBE0A448EEE}.Debug|Any CPU.ActiveCfg = Debug|Any CPU
		{4DB5926B-4467-47C2-A3B7-4BBE0A448EEE}.Debug|Any CPU.Build.0 = Debug|Any CPU
		{4DB5926B-4467-47C2-A3B7-4BBE0A448EEE}.Release|Any CPU.ActiveCfg = Release|Any CPU
		{4DB5926B-4467-47C2-A3B7-4BBE0A448EEE}.Release|Any CPU.Build.0 = Release|Any CPU
		{6E4180CD-961E-41B4-84EA-BF78FD15C27F}.Debug|Any CPU.ActiveCfg = Debug|Any CPU
		{6E4180CD-961E-41B4-84EA-BF78FD15C27F}.Debug|Any CPU.Build.0 = Debug|Any CPU
		{6E4180CD-961E-41B4-84EA-BF78FD15C27F}.Release|Any CPU.ActiveCfg = Release|Any CPU
		{6E4180CD-961E-41B4-84EA-BF78FD15C27F}.Release|Any CPU.Build.0 = Release|Any CPU
		{E7C20A20-1DF2-4F51-9A5B-C3B00FE07AC6}.Debug|Any CPU.ActiveCfg = Debug|Any CPU
		{E7C20A20-1DF2-4F51-9A5B-C3B00FE07AC6}.Debug|Any CPU.Build.0 = Debug|Any CPU
		{E7C20A20-1DF2-4F51-9A5B-C3B00FE07AC6}.Release|Any CPU.ActiveCfg = Release|Any CPU
		{E7C20A20-1DF2-4F51-9A5B-C3B00FE07AC6}.Release|Any CPU.Build.0 = Release|Any CPU
		{C9806E54-6CD9-45D2-815E-DD41039C3E96}.Debug|Any CPU.ActiveCfg = Debug|Any CPU
		{C9806E54-6CD9-45D2-815E-DD41039C3E96}.Debug|Any CPU.Build.0 = Debug|Any CPU
		{C9806E54-6CD9-45D2-815E-DD41039C3E96}.Release|Any CPU.ActiveCfg = Release|Any CPU
		{C9806E54-6CD9-45D2-815E-DD41039C3E96}.Release|Any CPU.Build.0 = Release|Any CPU
		{85C788BC-A714-4585-9B87-C1930EA8F16D}.Debug|Any CPU.ActiveCfg = Debug|Any CPU
		{85C788BC-A714-4585-9B87-C1930EA8F16D}.Debug|Any CPU.Build.0 = Debug|Any CPU
		{85C788BC-A714-4585-9B87-C1930EA8F16D}.Release|Any CPU.ActiveCfg = Release|Any CPU
		{85C788BC-A714-4585-9B87-C1930EA8F16D}.Release|Any CPU.Build.0 = Release|Any CPU
	EndGlobalSection
EndGlobal
